
Microsoft Visual Studio Solution File, Format Version 12.00
# Visual Studio Version 16
VisualStudioVersion = 16.0.31424.327
MinimumVisualStudioVersion = 10.0.40219.1
Project("{FAE04EC0-301F-11D3-BF4B-00C04F79EFBC}") = "trabalho em duplaRodolfo", "trabalho em duplaRodolfo\trabalho em duplaRodolfo.csproj", "{F651B00B-4BF0-4F5D-8C35-C3FD8B86CF4F}"
EndProject
Project("{FAE04EC0-301F-11D3-BF4B-00C04F79EFBC}") = "CadastroPessoasForms", "CadastroPessoasFrom\CadastroPessoasForms.csproj", "{C33B72A1-D65B-494D-BE4C-DD9475B1F5B3}"
EndProject
Global
	GlobalSection(SolutionConfigurationPlatforms) = preSolution
		Debug|Any CPU = Debug|Any CPU
		Release|Any CPU = Release|Any CPU
	EndGlobalSection
	GlobalSection(ProjectConfigurationPlatforms) = postSolution
		{F651B00B-4BF0-4F5D-8C35-C3FD8B86CF4F}.Debug|Any CPU.ActiveCfg = Debug|Any CPU
		{F651B00B-4BF0-4F5D-8C35-C3FD8B86CF4F}.Debug|Any CPU.Build.0 = Debug|Any CPU
		{F651B00B-4BF0-4F5D-8C35-C3FD8B86CF4F}.Release|Any CPU.ActiveCfg = Release|Any CPU
		{F651B00B-4BF0-4F5D-8C35-C3FD8B86CF4F}.Release|Any CPU.Build.0 = Release|Any CPU
		{C33B72A1-D65B-494D-BE4C-DD9475B1F5B3}.Debug|Any CPU.ActiveCfg = Debug|Any CPU
		{C33B72A1-D65B-494D-BE4C-DD9475B1F5B3}.Debug|Any CPU.Build.0 = Debug|Any CPU
		{C33B72A1-D65B-494D-BE4C-DD9475B1F5B3}.Release|Any CPU.ActiveCfg = Release|Any CPU
		{C33B72A1-D65B-494D-BE4C-DD9475B1F5B3}.Release|Any CPU.Build.0 = Release|Any CPU
	EndGlobalSection
	GlobalSection(SolutionProperties) = preSolution
		HideSolutionNode = FALSE
	EndGlobalSection
	GlobalSection(ExtensibilityGlobals) = postSolution
		SolutionGuid = {D872F537-B8E3-4080-8E2F-983D2C89C448}
	EndGlobalSection
EndGlobal
